
Microsoft Visual Studio Solution File, Format Version 12.00
# Visual Studio 15
VisualStudioVersion = 15.0.28010.2048
MinimumVisualStudioVersion = 10.0.40219.1
Project("{FAE04EC0-301F-11D3-BF4B-00C04F79EFBC}") = "LetMeKnow.Android", "LetMeKnow.Android\LetMeKnow.Android.csproj", "{52F64E98-ED18-4672-8124-62690B85822D}"
EndProject
Project("{FAE04EC0-301F-11D3-BF4B-00C04F79EFBC}") = "LetMeKnow.iOS", "LetMeKnow.iOS\LetMeKnow.iOS.csproj", "{EE07285F-CCAA-4AB4-887A-C405CA5C3AB1}"
EndProject
Project("{9A19103F-16F7-4668-BE54-9A1E7A4F7556}") = "LetMeKnow", "LetMeKnow\LetMeKnow.csproj", "{ACDC486F-A81C-4179-B529-51F10562FDD0}"
EndProject
Global
	GlobalSection(SolutionConfigurationPlatforms) = preSolution
		Ad-Hoc|Any CPU = Ad-Hoc|Any CPU
		Ad-Hoc|iPhone = Ad-Hoc|iPhone
		Ad-Hoc|iPhoneSimulator = Ad-Hoc|iPhoneSimulator
		AppStore|Any CPU = AppStore|Any CPU
		AppStore|iPhone = AppStore|iPhone
		AppStore|iPhoneSimulator = AppStore|iPhoneSimulator
		Debug|Any CPU = Debug|Any CPU
		Debug|iPhone = Debug|iPhone
		Debug|iPhoneSimulator = Debug|iPhoneSimulator
		Release|Any CPU = Release|Any CPU
		Release|iPhone = Release|iPhone
		Release|iPhoneSimulator = Release|iPhoneSimulator
	EndGlobalSection
	GlobalSection(ProjectConfigurationPlatforms) = postSolution
		{52F64E98-ED18-4672-8124-62690B85822D}.Ad-Hoc|Any CPU.ActiveCfg = Release|Any CPU
		{52F64E98-ED18-4672-8124-62690B85822D}.Ad-Hoc|Any CPU.Build.0 = Release|Any CPU
		{52F64E98-ED18-4672-8124-62690B85822D}.Ad-Hoc|Any CPU.Deploy.0 = Release|Any CPU
		{52F64E98-ED18-4672-8124-62690B85822D}.Ad-Hoc|iPhone.ActiveCfg = Release|Any CPU
		{52F64E98-ED18-4672-8124-62690B85822D}.Ad-Hoc|iPhone.Build.0 = Release|Any CPU
		{52F64E98-ED18-4672-8124-62690B85822D}.Ad-Hoc|iPhone.Deploy.0 = Release|Any CPU
		{52F64E98-ED18-4672-8124-62690B85822D}.Ad-Hoc|iPhoneSimulator.ActiveCfg = Release|Any CPU
		{52F64E98-ED18-4672-8124-62690B85822D}.Ad-Hoc|iPhoneSimulator.Build.0 = Release|Any CPU
		{52F64E98-ED18-4672-8124-62690B85822D}.Ad-Hoc|iPhoneSimulator.Deploy.0 = Release|Any CPU
		{52F64E98-ED18-4672-8124-62690B85822D}.AppStore|Any CPU.ActiveCfg = Release|Any CPU
		{52F64E98-ED18-4672-8124-62690B85822D}.AppStore|Any CPU.Build.0 = Release|Any CPU
		{52F64E98-ED18-4672-8124-62690B85822D}.AppStore|Any CPU.Deploy.0 = Release|Any CPU
		{52F64E98-ED18-4672-8124-62690B85822D}.AppStore|iPhone.ActiveCfg = Release|Any CPU
		{52F64E98-ED18-4672-8124-62690B85822D}.AppStore|iPhone.Build.0 = Release|Any CPU
		{52F64E98-ED18-4672-8124-62690B85822D}.AppStore|iPhone.Deploy.0 = Release|Any CPU
		{52F64E98-ED18-4672-8124-62690B85822D}.AppStore|iPhoneSimulator.ActiveCfg = Release|Any CPU
		{52F64E98-ED18-4672-8124-62690B85822D}.AppStore|iPhoneSimulator.Build.0 = Release|Any CPU
		{52F64E98-ED18-4672-8124-62690B85822D}.AppStore|iPhoneSimulator.Deploy.0 = Release|Any CPU
		{52F64E98-ED18-4672-8124-62690B85822D}.Debug|Any CPU.ActiveCfg = Debug|Any CPU
		{52F64E98-ED18-4672-8124-62690B85822D}.Debug|Any CPU.Build.0 = Debug|Any CPU
		{52F64E98-ED18-4672-8124-62690B85822D}.Debug|Any CPU.Deploy.0 = Debug|Any CPU
		{52F64E98-ED18-4672-8124-62690B85822D}.Debug|iPhone.ActiveCfg = Debug|Any CPU
		{52F64E98-ED18-4672-8124-62690B85822D}.Debug|iPhone.Build.0 = Debug|Any CPU
		{52F64E98-ED18-4672-8124-62690B85822D}.Debug|iPhone.Deploy.0 = Debug|Any CPU
		{52F64E98-ED18-4672-8124-62690B85822D}.Debug|iPhoneSimulator.ActiveCfg = Debug|Any CPU
		{52F64E98-ED18-4672-8124-62690B85822D}.Debug|iPhoneSimulator.Build.0 = Debug|Any CPU
		{52F64E98-ED18-4672-8124-62690B85822D}.Debug|iPhoneSimulator.Deploy.0 = Debug|Any CPU
		{52F64E98-ED18-4672-8124-62690B85822D}.Release|Any CPU.ActiveCfg = Release|Any CPU
		{52F64E98-ED18-4672-8124-62690B85822D}.Release|Any CPU.Build.0 = Release|Any CPU
		{52F64E98-ED18-4672-8124-62690B85822D}.Release|Any CPU.Deploy.0 = Release|Any CPU
		{52F64E98-ED18-4672-8124-62690B85822D}.Release|iPhone.ActiveCfg = Release|Any CPU
		{52F64E98-ED18-4672-8124-62690B85822D}.Release|iPhone.Build.0 = Release|Any CPU
		{52F64E98-ED18-4672-8124-62690B85822D}.Release|iPhone.Deploy.0 = Release|Any CPU
		{52F64E98-ED18-4672-8124-62690B85822D}.Release|iPhoneSimulator.ActiveCfg = Release|Any CPU
		{52F64E98-ED18-4672-8124-62690B85822D}.Release|iPhoneSimulator.Build.0 = Release|Any CPU
		{52F64E98-ED18-4672-8124-62690B85822D}.Release|iPhoneSimulator.Deploy.0 = Release|Any CPU
		{EE07285F-CCAA-4AB4-887A-C405CA5C3AB1}.Ad-Hoc|Any CPU.ActiveCfg = Ad-Hoc|iPhone
		{EE07285F-CCAA-4AB4-887A-C405CA5C3AB1}.Ad-Hoc|Any CPU.Build.0 = Ad-Hoc|iPhone
		{EE07285F-CCAA-4AB4-887A-C405CA5C3AB1}.Ad-Hoc|Any CPU.Deploy.0 = Ad-Hoc|iPhone
		{EE07285F-CCAA-4AB4-887A-C405CA5C3AB1}.Ad-Hoc|iPhone.ActiveCfg = Ad-Hoc|iPhone
		{EE07285F-CCAA-4AB4-887A-C405CA5C3AB1}.Ad-Hoc|iPhone.Build.0 = Ad-Hoc|iPhone
		{EE07285F-CCAA-4AB4-887A-C405CA5C3AB1}.Ad-Hoc|iPhone.Deploy.0 = Ad-Hoc|iPhone
		{EE07285F-CCAA-4AB4-887A-C405CA5C3AB1}.Ad-Hoc|iPhoneSimulator.ActiveCfg = Ad-Hoc|iPhoneSimulator
		{EE07285F-CCAA-4AB4-887A-C405CA5C3AB1}.Ad-Hoc|iPhoneSimulator.Build.0 = Ad-Hoc|iPhoneSimulator
		{EE07285F-CCAA-4AB4-887A-C405CA5C3AB1}.Ad-Hoc|iPhoneSimulator.Deploy.0 = Ad-Hoc|iPhoneSimulator
		{EE07285F-CCAA-4AB4-887A-C405CA5C3AB1}.AppStore|Any CPU.ActiveCfg = AppStore|iPhone
		{EE07285F-CCAA-4AB4-887A-C405CA5C3AB1}.AppStore|Any CPU.Build.0 = AppStore|iPhone
		{EE07285F-CCAA-4AB4-887A-C405CA5C3AB1}.AppStore|Any CPU.Deploy.0 = AppStore|iPhone
		{EE07285F-CCAA-4AB4-887A-C405CA5C3AB1}.AppStore|iPhone.ActiveCfg = AppStore|iPhone
		{EE07285F-CCAA-4AB4-887A-C405CA5C3AB1}.AppStore|iPhone.Build.0 = AppStore|iPhone
		{EE07285F-CCAA-4AB4-887A-C405CA5C3AB1}.AppStore|iPhone.Deploy.0 = AppStore|iPhone
		{EE07285F-CCAA-4AB4-887A-C405CA5C3AB1}.AppStore|iPhoneSimulator.ActiveCfg = AppStore|iPhoneSimulator
		{EE07285F-CCAA-4AB4-887A-C405CA5C3AB1}.AppStore|iPhoneSimulator.Build.0 = AppStore|iPhoneSimulator
		{EE07285F-CCAA-4AB4-887A-C405CA5C3AB1}.AppStore|iPhoneSimulator.Deploy.0 = AppStore|iPhoneSimulator
		{EE07285F-CCAA-4AB4-887A-C405CA5C3AB1}.Debug|Any CPU.ActiveCfg = Debug|iPhoneSimulator
		{EE07285F-CCAA-4AB4-887A-C405CA5C3AB1}.Debug|Any CPU.Build.0 = Debug|iPhoneSimulator
		{EE07285F-CCAA-4AB4-887A-C405CA5C3AB1}.Debug|Any CPU.Deploy.0 = Debug|iPhoneSimulator
		{EE07285F-CCAA-4AB4-887A-C405CA5C3AB1}.Debug|iPhone.ActiveCfg = Debug|iPhone
		{EE07285F-CCAA-4AB4-887A-C405CA5C3AB1}.Debug|iPhone.Build.0 = Debug|iPhone
		{EE07285F-CCAA-4AB4-887A-C405CA5C3AB1}.Debug|iPhone.Deploy.0 = Debug|iPhone
		{EE07285F-CCAA-4AB4-887A-C405CA5C3AB1}.Debug|iPhoneSimulator.ActiveCfg = Debug|iPhoneSimulator
		{EE07285F-CCAA-4AB4-887A-C405CA5C3AB1}.Debug|iPhoneSimulator.Build.0 = Debug|iPhoneSimulator
		{EE07285F-CCAA-4AB4-887A-C405CA5C3AB1}.Debug|iPhoneSimulator.Deploy.0 = Debug|iPhoneSimulator
		{EE07285F-CCAA-4AB4-887A-C405CA5C3AB1}.Release|Any CPU.ActiveCfg = Release|iPhone
		{EE07285F-CCAA-4AB4-887A-C405CA5C3AB1}.Release|Any CPU.Build.0 = Release|iPhone
		{EE07285F-CCAA-4AB4-887A-C405CA5C3AB1}.Release|Any CPU.Deploy.0 = Release|iPhone
		{EE07285F-CCAA-4AB4-887A-C405CA5C3AB1}.Release|iPhone.ActiveCfg = Release|iPhone
		{EE07285F-CCAA-4AB4-887A-C405CA5C3AB1}.Release|iPhone.Build.0 = Release|iPhone
		{EE07285F-CCAA-4AB4-887A-C405CA5C3AB1}.Release|iPhone.Deploy.0 = Release|iPhone
		{EE07285F-CCAA-4AB4-887A-C405CA5C3AB1}.Release|iPhoneSimulator.ActiveCfg = Release|iPhoneSimulator
		{EE07285F-CCAA-4AB4-887A-C405CA5C3AB1}.Release|iPhoneSimulator.Build.0 = Release|iPhoneSimulator
		{EE07285F-CCAA-4AB4-887A-C405CA5C3AB1}.Release|iPhoneSimulator.Deploy.0 = Release|iPhoneSimulator
		{ACDC486F-A81C-4179-B529-51F10562FDD0}.Ad-Hoc|Any CPU.ActiveCfg = Debug|Any CPU
		{ACDC486F-A81C-4179-B529-51F10562FDD0}.Ad-Hoc|Any CPU.Build.0 = Debug|Any CPU
		{ACDC486F-A81C-4179-B529-51F10562FDD0}.Ad-Hoc|Any CPU.Deploy.0 = Debug|Any CPU
		{ACDC486F-A81C-4179-B529-51F10562FDD0}.Ad-Hoc|iPhone.ActiveCfg = Debug|Any CPU
		{ACDC486F-A81C-4179-B529-51F10562FDD0}.Ad-Hoc|iPhone.Build.0 = Debug|Any CPU
		{ACDC486F-A81C-4179-B529-51F10562FDD0}.Ad-Hoc|iPhone.Deploy.0 = Debug|Any CPU
		{ACDC486F-A81C-4179-B529-51F10562FDD0}.Ad-Hoc|iPhoneSimulator.ActiveCfg = Debug|Any CPU
		{ACDC486F-A81C-4179-B529-51F10562FDD0}.Ad-Hoc|iPhoneSimulator.Build.0 = Debug|Any CPU
		{ACDC486F-A81C-4179-B529-51F10562FDD0}.Ad-Hoc|iPhoneSimulator.Deploy.0 = Debug|Any CPU
		{ACDC486F-A81C-4179-B529-51F10562FDD0}.AppStore|Any CPU.ActiveCfg = Debug|Any CPU
		{ACDC486F-A81C-4179-B529-51F10562FDD0}.AppStore|Any CPU.Build.0 = Debug|Any CPU
		{ACDC486F-A81C-4179-B529-51F10562FDD0}.AppStore|Any CPU.Deploy.0 = Debug|Any CPU
		{ACDC486F-A81C-4179-B529-51F10562FDD0}.AppStore|iPhone.ActiveCfg = Debug|Any CPU
		{ACDC486F-A81C-4179-B529-51F10562FDD0}.AppStore|iPhone.Build.0 = Debug|Any CPU
		{ACDC486F-A81C-4179-B529-51F10562FDD0}.AppStore|iPhone.Deploy.0 = Debug|Any CPU
		{ACDC486F-A81C-4179-B529-51F10562FDD0}.AppStore|iPhoneSimulator.ActiveCfg = Debug|Any CPU
		{ACDC486F-A81C-4179-B529-51F10562FDD0}.AppStore|iPhoneSimulator.Build.0 = Debug|Any CPU
		{ACDC486F-A81C-4179-B529-51F10562FDD0}.AppStore|iPhoneSimulator.Deploy.0 = Debug|Any CPU
		{ACDC486F-A81C-4179-B529-51F10562FDD0}.Debug|Any CPU.ActiveCfg = Debug|Any CPU
		{ACDC486F-A81C-4179-B529-51F10562FDD0}.Debug|Any CPU.Build.0 = Debug|Any CPU
		{ACDC486F-A81C-4179-B529-51F10562FDD0}.Debug|Any CPU.Deploy.0 = Debug|Any CPU
		{ACDC486F-A81C-4179-B529-51F10562FDD0}.Debug|iPhone.ActiveCfg = Debug|Any CPU
		{ACDC486F-A81C-4179-B529-51F10562FDD0}.Debug|iPhone.Build.0 = Debug|Any CPU
		{ACDC486F-A81C-4179-B529-51F10562FDD0}.Debug|iPhone.Deploy.0 = Debug|Any CPU
		{ACDC486F-A81C-4179-B529-51F10562FDD0}.Debug|iPhoneSimulator.ActiveCfg = Debug|Any CPU
		{ACDC486F-A81C-4179-B529-51F10562FDD0}.Debug|iPhoneSimulator.Build.0 = Debug|Any CPU
		{ACDC486F-A81C-4179-B529-51F10562FDD0}.Debug|iPhoneSimulator.Deploy.0 = Debug|Any CPU
		{ACDC486F-A81C-4179-B529-51F10562FDD0}.Release|Any CPU.ActiveCfg = Release|Any CPU
		{ACDC486F-A81C-4179-B529-51F10562FDD0}.Release|Any CPU.Build.0 = Release|Any CPU
		{ACDC486F-A81C-4179-B529-51F10562FDD0}.Release|Any CPU.Deploy.0 = Release|Any CPU
		{ACDC486F-A81C-4179-B529-51F10562FDD0}.Release|iPhone.ActiveCfg = Release|Any CPU
		{ACDC486F-A81C-4179-B529-51F10562FDD0}.Release|iPhone.Build.0 = Release|Any CPU
		{ACDC486F-A81C-4179-B529-51F10562FDD0}.Release|iPhone.Deploy.0 = Release|Any CPU
		{ACDC486F-A81C-4179-B529-51F10562FDD0}.Release|iPhoneSimulator.ActiveCfg = Release|Any CPU
		{ACDC486F-A81C-4179-B529-51F10562FDD0}.Release|iPhoneSimulator.Build.0 = Release|Any CPU
		{ACDC486F-A81C-4179-B529-51F10562FDD0}.Release|iPhoneSimulator.Deploy.0 = Release|Any CPU
	EndGlobalSection
	GlobalSection(SolutionProperties) = preSolution
		HideSolutionNode = FALSE
	EndGlobalSection
	GlobalSection(ExtensibilityGlobals) = postSolution
		SolutionGuid = {A1E0C7D9-B0F9-4998-B26F-19933ECDF904}
	EndGlobalSection
EndGlobal
